
Microsoft Visual Studio Solution File, Format Version 12.00
# Visual Studio Version 16
VisualStudioVersion = 16.0.30406.217
MinimumVisualStudioVersion = 10.0.40219.1
Project("{9A19103F-16F7-4668-BE54-9A1E7A4F7556}") = "MyFirstProgram", "MyFirstProgram\MyFirstProgram.csproj", "{004F5CAF-2912-4366-86F7-B0EE363DEF6E}"
EndProject
Project("{9A19103F-16F7-4668-BE54-9A1E7A4F7556}") = "VariablesOperatorsExpressions", "VariablesOperatorsExpressions\VariablesOperatorsExpressions.csproj", "{2F36E9A0-ABF8-44FE-ADBC-99B3F94DE197}"
EndProject
Project("{9A19103F-16F7-4668-BE54-9A1E7A4F7556}") = "IfStatements", "IfStatements\IfStatements.csproj", "{A28DEA84-C353-4F78-882E-5E8071C3056F}"
EndProject
Project("{9A19103F-16F7-4668-BE54-9A1E7A4F7556}") = "ClassExercise", "ClassExercise\ClassExercise.csproj", "{72763808-C1CB-4D67-A2DF-174D3825F0E5}"
EndProject
Project("{9A19103F-16F7-4668-BE54-9A1E7A4F7556}") = "ArrayExercise", "ArrayExercise\ArrayExercise.csproj", "{10CB402C-D451-4AE6-B44B-5EDA00465D00}"
EndProject
Project("{FAE04EC0-301F-11D3-BF4B-00C04F79EFBC}") = "DebuggingTutorial", "DebuggingTutorial\DebuggingTutorial.csproj", "{8450F915-2116-4E4F-9A8E-8FCAFAFA2CC5}"
EndProject
Project("{FAE04EC0-301F-11D3-BF4B-00C04F79EFBC}") = "Blackjack", "..\..\..\Downloads\Blackjack (Student)\Blackjack (Student)\Blackjack\Blackjack.csproj", "{CC95B04B-88F7-4DCD-A9D2-6D36DC3D7E17}"
EndProject
Global
	GlobalSection(SolutionConfigurationPlatforms) = preSolution
		Debug|Any CPU = Debug|Any CPU
		Release|Any CPU = Release|Any CPU
	EndGlobalSection
	GlobalSection(ProjectConfigurationPlatforms) = postSolution
		{004F5CAF-2912-4366-86F7-B0EE363DEF6E}.Debug|Any CPU.ActiveCfg = Debug|Any CPU
		{004F5CAF-2912-4366-86F7-B0EE363DEF6E}.Debug|Any CPU.Build.0 = Debug|Any CPU
		{004F5CAF-2912-4366-86F7-B0EE363DEF6E}.Release|Any CPU.ActiveCfg = Release|Any CPU
		{004F5CAF-2912-4366-86F7-B0EE363DEF6E}.Release|Any CPU.Build.0 = Release|Any CPU
		{2F36E9A0-ABF8-44FE-ADBC-99B3F94DE197}.Debug|Any CPU.ActiveCfg = Debug|Any CPU
		{2F36E9A0-ABF8-44FE-ADBC-99B3F94DE197}.Debug|Any CPU.Build.0 = Debug|Any CPU
		{2F36E9A0-ABF8-44FE-ADBC-99B3F94DE197}.Release|Any CPU.ActiveCfg = Release|Any CPU
		{2F36E9A0-ABF8-44FE-ADBC-99B3F94DE197}.Release|Any CPU.Build.0 = Release|Any CPU
		{A28DEA84-C353-4F78-882E-5E8071C3056F}.Debug|Any CPU.ActiveCfg = Debug|Any CPU
		{A28DEA84-C353-4F78-882E-5E8071C3056F}.Debug|Any CPU.Build.0 = Debug|Any CPU
		{A28DEA84-C353-4F78-882E-5E8071C3056F}.Release|Any CPU.ActiveCfg = Release|Any CPU
		{A28DEA84-C353-4F78-882E-5E8071C3056F}.Release|Any CPU.Build.0 = Release|Any CPU
		{72763808-C1CB-4D67-A2DF-174D3825F0E5}.Debug|Any CPU.ActiveCfg = Debug|Any CPU
		{72763808-C1CB-4D67-A2DF-174D3825F0E5}.Debug|Any CPU.Build.0 = Debug|Any CPU
		{72763808-C1CB-4D67-A2DF-174D3825F0E5}.Release|Any CPU.ActiveCfg = Release|Any CPU
		{72763808-C1CB-4D67-A2DF-174D3825F0E5}.Release|Any CPU.Build.0 = Release|Any CPU
		{10CB402C-D451-4AE6-B44B-5EDA00465D00}.Debug|Any CPU.ActiveCfg = Debug|Any CPU
		{10CB402C-D451-4AE6-B44B-5EDA00465D00}.Debug|Any CPU.Build.0 = Debug|Any CPU
		{10CB402C-D451-4AE6-B44B-5EDA00465D00}.Release|Any CPU.ActiveCfg = Release|Any CPU
		{10CB402C-D451-4AE6-B44B-5EDA00465D00}.Release|Any CPU.Build.0 = Release|Any CPU
		{8450F915-2116-4E4F-9A8E-8FCAFAFA2CC5}.Debug|Any CPU.ActiveCfg = Debug|Any CPU
		{8450F915-2116-4E4F-9A8E-8FCAFAFA2CC5}.Debug|Any CPU.Build.0 = Debug|Any CPU
		{8450F915-2116-4E4F-9A8E-8FCAFAFA2CC5}.Release|Any CPU.ActiveCfg = Release|Any CPU
		{8450F915-2116-4E4F-9A8E-8FCAFAFA2CC5}.Release|Any CPU.Build.0 = Release|Any CPU
		{CC95B04B-88F7-4DCD-A9D2-6D36DC3D7E17}.Debug|Any CPU.ActiveCfg = Debug|Any CPU
		{CC95B04B-88F7-4DCD-A9D2-6D36DC3D7E17}.Debug|Any CPU.Build.0 = Debug|Any CPU
		{CC95B04B-88F7-4DCD-A9D2-6D36DC3D7E17}.Release|Any CPU.ActiveCfg = Release|Any CPU
		{CC95B04B-88F7-4DCD-A9D2-6D36DC3D7E17}.Release|Any CPU.Build.0 = Release|Any CPU
	EndGlobalSection
	GlobalSection(SolutionProperties) = preSolution
		HideSolutionNode = FALSE
	EndGlobalSection
	GlobalSection(ExtensibilityGlobals) = postSolution
		SolutionGuid = {5A4B34A2-95AA-42A9-89EC-2A416D3C0A86}
	EndGlobalSection
EndGlobal
